
Microsoft Visual Studio Solution File, Format Version 12.00
# Visual Studio Version 17
VisualStudioVersion = 17.4.33213.308
MinimumVisualStudioVersion = 10.0.40219.1
Project("{FAE04EC0-301F-11D3-BF4B-00C04F79EFBC}") = "scratch_maker", "scratch_maker.csproj", "{82812DC4-FD60-4EBE-B864-B17F6D650851}"
EndProject
Project("{9A19103F-16F7-4668-BE54-9A1E7A4F7556}") = "scratch_test", "scratch_test\scratch_test.csproj", "{03CCA526-2193-4740-93F2-E95CFDA11823}"
EndProject
Global
	GlobalSection(SolutionConfigurationPlatforms) = preSolution
		Debug|Any CPU = Debug|Any CPU
		Release|Any CPU = Release|Any CPU
	EndGlobalSection
	GlobalSection(ProjectConfigurationPlatforms) = postSolution
		{82812DC4-FD60-4EBE-B864-B17F6D650851}.Debug|Any CPU.ActiveCfg = Debug|Any CPU
		{82812DC4-FD60-4EBE-B864-B17F6D650851}.Debug|Any CPU.Build.0 = Debug|Any CPU
		{82812DC4-FD60-4EBE-B864-B17F6D650851}.Release|Any CPU.ActiveCfg = Release|Any CPU
		{82812DC4-FD60-4EBE-B864-B17F6D650851}.Release|Any CPU.Build.0 = Release|Any CPU
		{03CCA526-2193-4740-93F2-E95CFDA11823}.Debug|Any CPU.ActiveCfg = Debug|Any CPU
		{03CCA526-2193-4740-93F2-E95CFDA11823}.Debug|Any CPU.Build.0 = Debug|Any CPU
		{03CCA526-2193-4740-93F2-E95CFDA11823}.Release|Any CPU.ActiveCfg = Release|Any CPU
		{03CCA526-2193-4740-93F2-E95CFDA11823}.Release|Any CPU.Build.0 = Release|Any CPU
	EndGlobalSection
	GlobalSection(SolutionProperties) = preSolution
		HideSolutionNode = FALSE
	EndGlobalSection
	GlobalSection(ExtensibilityGlobals) = postSolution
		SolutionGuid = {3789373B-D41E-4F24-B1C1-4B316FF0A4D9}
	EndGlobalSection
EndGlobal
